
Microsoft Visual Studio Solution File, Format Version 12.00
# Visual Studio Version 17
VisualStudioVersion = 17.5.33530.505
MinimumVisualStudioVersion = 10.0.40219.1
Project("{FAE04EC0-301F-11D3-BF4B-00C04F79EFBC}") = "MutexESemaphore", "MutexESemaphore\MutexESemaphore.csproj", "{57500B75-30AD-402A-BEF6-76A1BADDAE06}"
EndProject
Global
	GlobalSection(SolutionConfigurationPlatforms) = preSolution
		Debug|Any CPU = Debug|Any CPU
		Release|Any CPU = Release|Any CPU
	EndGlobalSection
	GlobalSection(ProjectConfigurationPlatforms) = postSolution
		{57500B75-30AD-402A-BEF6-76A1BADDAE06}.Debug|Any CPU.ActiveCfg = Debug|Any CPU
		{57500B75-30AD-402A-BEF6-76A1BADDAE06}.Debug|Any CPU.Build.0 = Debug|Any CPU
		{57500B75-30AD-402A-BEF6-76A1BADDAE06}.Release|Any CPU.ActiveCfg = Release|Any CPU
		{57500B75-30AD-402A-BEF6-76A1BADDAE06}.Release|Any CPU.Build.0 = Release|Any CPU
	EndGlobalSection
	GlobalSection(SolutionProperties) = preSolution
		HideSolutionNode = FALSE
	EndGlobalSection
	GlobalSection(ExtensibilityGlobals) = postSolution
		SolutionGuid = {7BF85A3C-19AB-4D57-8B4C-A8BDD7489DC2}
	EndGlobalSection
EndGlobal
