
Microsoft Visual Studio Solution File, Format Version 12.00
# Visual Studio Version 17
VisualStudioVersion = 17.5.33530.505
MinimumVisualStudioVersion = 10.0.40219.1
Project("{FAE04EC0-301F-11D3-BF4B-00C04F79EFBC}") = "Lists", "Lists\Lists.csproj", "{5075F5EF-BFAB-4BD7-BD40-9636DB5D802D}"
EndProject
Global
	GlobalSection(SolutionConfigurationPlatforms) = preSolution
		Debug|Any CPU = Debug|Any CPU
		Release|Any CPU = Release|Any CPU
	EndGlobalSection
	GlobalSection(ProjectConfigurationPlatforms) = postSolution
		{5075F5EF-BFAB-4BD7-BD40-9636DB5D802D}.Debug|Any CPU.ActiveCfg = Debug|Any CPU
		{5075F5EF-BFAB-4BD7-BD40-9636DB5D802D}.Debug|Any CPU.Build.0 = Debug|Any CPU
		{5075F5EF-BFAB-4BD7-BD40-9636DB5D802D}.Release|Any CPU.ActiveCfg = Release|Any CPU
		{5075F5EF-BFAB-4BD7-BD40-9636DB5D802D}.Release|Any CPU.Build.0 = Release|Any CPU
	EndGlobalSection
	GlobalSection(SolutionProperties) = preSolution
		HideSolutionNode = FALSE
	EndGlobalSection
	GlobalSection(ExtensibilityGlobals) = postSolution
		SolutionGuid = {C308AA0F-9E40-4021-940D-CAAEFF1A7DEC}
	EndGlobalSection
EndGlobal
