
Microsoft Visual Studio Solution File, Format Version 12.00
# Visual Studio Version 17
VisualStudioVersion = 17.5.33530.505
MinimumVisualStudioVersion = 10.0.40219.1
Project("{FAE04EC0-301F-11D3-BF4B-00C04F79EFBC}") = "Projeto(5)", "Projeto(5)\Projeto(5).csproj", "{9E2C98A7-2B7E-4E4B-8E2E-1A4AD48FD6B9}"
EndProject
Global
	GlobalSection(SolutionConfigurationPlatforms) = preSolution
		Debug|Any CPU = Debug|Any CPU
		Release|Any CPU = Release|Any CPU
	EndGlobalSection
	GlobalSection(ProjectConfigurationPlatforms) = postSolution
		{9E2C98A7-2B7E-4E4B-8E2E-1A4AD48FD6B9}.Debug|Any CPU.ActiveCfg = Debug|Any CPU
		{9E2C98A7-2B7E-4E4B-8E2E-1A4AD48FD6B9}.Debug|Any CPU.Build.0 = Debug|Any CPU
		{9E2C98A7-2B7E-4E4B-8E2E-1A4AD48FD6B9}.Release|Any CPU.ActiveCfg = Release|Any CPU
		{9E2C98A7-2B7E-4E4B-8E2E-1A4AD48FD6B9}.Release|Any CPU.Build.0 = Release|Any CPU
	EndGlobalSection
	GlobalSection(SolutionProperties) = preSolution
		HideSolutionNode = FALSE
	EndGlobalSection
	GlobalSection(ExtensibilityGlobals) = postSolution
		SolutionGuid = {1B2D0BD4-C6F4-45DA-B00A-E2719548268E}
	EndGlobalSection
EndGlobal
