
Microsoft Visual Studio Solution File, Format Version 12.00
# Visual Studio Version 17
VisualStudioVersion = 17.5.33530.505
MinimumVisualStudioVersion = 10.0.40219.1
Project("{FAE04EC0-301F-11D3-BF4B-00C04F79EFBC}") = "VariaveisEConversoes", "VariaveisEConversoes\VariaveisEConversoes.csproj", "{0DE19BAD-A183-4D13-9ED4-9AF8481011C5}"
EndProject
Global
	GlobalSection(SolutionConfigurationPlatforms) = preSolution
		Debug|Any CPU = Debug|Any CPU
		Release|Any CPU = Release|Any CPU
	EndGlobalSection
	GlobalSection(ProjectConfigurationPlatforms) = postSolution
		{0DE19BAD-A183-4D13-9ED4-9AF8481011C5}.Debug|Any CPU.ActiveCfg = Debug|Any CPU
		{0DE19BAD-A183-4D13-9ED4-9AF8481011C5}.Debug|Any CPU.Build.0 = Debug|Any CPU
		{0DE19BAD-A183-4D13-9ED4-9AF8481011C5}.Release|Any CPU.ActiveCfg = Release|Any CPU
		{0DE19BAD-A183-4D13-9ED4-9AF8481011C5}.Release|Any CPU.Build.0 = Release|Any CPU
	EndGlobalSection
	GlobalSection(SolutionProperties) = preSolution
		HideSolutionNode = FALSE
	EndGlobalSection
	GlobalSection(ExtensibilityGlobals) = postSolution
		SolutionGuid = {C8B63A27-91B8-4BF2-A5A5-AF8457ECA551}
	EndGlobalSection
EndGlobal
